{
  "name": "@krzyzanowskim/pi-profiles",
  "version": "0.3.1",
  "lockfileVersion": 3,
  "requires": true,
  "packages": {
    "": {
      "name": "@krzyzanowskim/pi-profiles",
      "version": "0.3.1",
      "license": "MIT",
      "bin": {
        "pi-profile": "bin/pi-profile.js"
      },
      "engines": {
        "node": ">=20"
      },
      "peerDependencies": {
        "@mariozechner/pi-coding-agent": ">=0.72.1"
      },
      "peerDependenciesMeta": {
        "@mariozechner/pi-coding-agent": {
          "optional": true
        }
      }
    }
  }
}
